
Microsoft Visual Studio Solution File, Format Version 12.00
# Visual Studio Express 2012 for Windows Desktop
Project("{FAE04EC0-301F-11D3-BF4B-00C04F79EFBC}") = "M01_P03_N02_N06", "M01_P03_N02_N06\M01_P03_N02_N06.csproj", "{D749BBA2-7524-497F-97AA-2B3384E8F4C0}"
EndProject
Global
	GlobalSection(SolutionConfigurationPlatforms) = preSolution
		Debug|Any CPU = Debug|Any CPU
		Release|Any CPU = Release|Any CPU
	EndGlobalSection
	GlobalSection(ProjectConfigurationPlatforms) = postSolution
		{D749BBA2-7524-497F-97AA-2B3384E8F4C0}.Debug|Any CPU.ActiveCfg = Debug|Any CPU
		{D749BBA2-7524-497F-97AA-2B3384E8F4C0}.Debug|Any CPU.Build.0 = Debug|Any CPU
		{D749BBA2-7524-497F-97AA-2B3384E8F4C0}.Release|Any CPU.ActiveCfg = Release|Any CPU
		{D749BBA2-7524-497F-97AA-2B3384E8F4C0}.Release|Any CPU.Build.0 = Release|Any CPU
	EndGlobalSection
	GlobalSection(SolutionProperties) = preSolution
		HideSolutionNode = FALSE
	EndGlobalSection
EndGlobal
