
Microsoft Visual Studio Solution File, Format Version 12.00
# Visual Studio Express 2013 for Windows Desktop
VisualStudioVersion = 12.0.30723.0
MinimumVisualStudioVersion = 10.0.40219.1
Project("{FAE04EC0-301F-11D3-BF4B-00C04F79EFBC}") = "M03_P18_N02", "M03_P18_N02\M03_P18_N02.csproj", "{75E63FFA-A739-45BB-A2FA-1DC704F89797}"
EndProject
Global
	GlobalSection(SolutionConfigurationPlatforms) = preSolution
		Debug|Any CPU = Debug|Any CPU
		Release|Any CPU = Release|Any CPU
	EndGlobalSection
	GlobalSection(ProjectConfigurationPlatforms) = postSolution
		{75E63FFA-A739-45BB-A2FA-1DC704F89797}.Debug|Any CPU.ActiveCfg = Debug|Any CPU
		{75E63FFA-A739-45BB-A2FA-1DC704F89797}.Debug|Any CPU.Build.0 = Debug|Any CPU
		{75E63FFA-A739-45BB-A2FA-1DC704F89797}.Release|Any CPU.ActiveCfg = Release|Any CPU
		{75E63FFA-A739-45BB-A2FA-1DC704F89797}.Release|Any CPU.Build.0 = Release|Any CPU
	EndGlobalSection
	GlobalSection(SolutionProperties) = preSolution
		HideSolutionNode = FALSE
	EndGlobalSection
EndGlobal
