
Microsoft Visual Studio Solution File, Format Version 12.00
# Visual Studio Express 2013 for Windows Desktop
VisualStudioVersion = 12.0.30723.0
MinimumVisualStudioVersion = 10.0.40219.1
Project("{FAE04EC0-301F-11D3-BF4B-00C04F79EFBC}") = "M02_P18_N02", "M02_P18_N02\M02_P18_N02.csproj", "{78C945E3-4FF0-4E27-AE1D-491574D2760E}"
EndProject
Global
	GlobalSection(SolutionConfigurationPlatforms) = preSolution
		Debug|Any CPU = Debug|Any CPU
		Release|Any CPU = Release|Any CPU
	EndGlobalSection
	GlobalSection(ProjectConfigurationPlatforms) = postSolution
		{78C945E3-4FF0-4E27-AE1D-491574D2760E}.Debug|Any CPU.ActiveCfg = Debug|Any CPU
		{78C945E3-4FF0-4E27-AE1D-491574D2760E}.Debug|Any CPU.Build.0 = Debug|Any CPU
		{78C945E3-4FF0-4E27-AE1D-491574D2760E}.Release|Any CPU.ActiveCfg = Release|Any CPU
		{78C945E3-4FF0-4E27-AE1D-491574D2760E}.Release|Any CPU.Build.0 = Release|Any CPU
	EndGlobalSection
	GlobalSection(SolutionProperties) = preSolution
		HideSolutionNode = FALSE
	EndGlobalSection
EndGlobal
