
Microsoft Visual Studio Solution File, Format Version 12.00
# Visual Studio Express 2012 for Windows Desktop
Project("{FAE04EC0-301F-11D3-BF4B-00C04F79EFBC}") = "M01_T04_N02_N06", "M01_T04_N02_N06\M01_T04_N02_N06.csproj", "{39122F29-F125-410F-958B-8917DBD5339E}"
EndProject
Global
	GlobalSection(SolutionConfigurationPlatforms) = preSolution
		Debug|Any CPU = Debug|Any CPU
		Release|Any CPU = Release|Any CPU
	EndGlobalSection
	GlobalSection(ProjectConfigurationPlatforms) = postSolution
		{39122F29-F125-410F-958B-8917DBD5339E}.Debug|Any CPU.ActiveCfg = Debug|Any CPU
		{39122F29-F125-410F-958B-8917DBD5339E}.Debug|Any CPU.Build.0 = Debug|Any CPU
		{39122F29-F125-410F-958B-8917DBD5339E}.Release|Any CPU.ActiveCfg = Release|Any CPU
		{39122F29-F125-410F-958B-8917DBD5339E}.Release|Any CPU.Build.0 = Release|Any CPU
	EndGlobalSection
	GlobalSection(SolutionProperties) = preSolution
		HideSolutionNode = FALSE
	EndGlobalSection
EndGlobal
