
Microsoft Visual Studio Solution File, Format Version 12.00
# Visual Studio Express 2013 for Windows Desktop
VisualStudioVersion = 12.0.30723.0
MinimumVisualStudioVersion = 10.0.40219.1
Project("{FAE04EC0-301F-11D3-BF4B-00C04F79EFBC}") = "M05_P01", "M05_P01\M05_P01.csproj", "{327B6D84-FFB7-4943-881E-2A8D44633E8E}"
EndProject
Global
	GlobalSection(SolutionConfigurationPlatforms) = preSolution
		Debug|Any CPU = Debug|Any CPU
		Release|Any CPU = Release|Any CPU
	EndGlobalSection
	GlobalSection(ProjectConfigurationPlatforms) = postSolution
		{327B6D84-FFB7-4943-881E-2A8D44633E8E}.Debug|Any CPU.ActiveCfg = Debug|Any CPU
		{327B6D84-FFB7-4943-881E-2A8D44633E8E}.Debug|Any CPU.Build.0 = Debug|Any CPU
		{327B6D84-FFB7-4943-881E-2A8D44633E8E}.Release|Any CPU.ActiveCfg = Release|Any CPU
		{327B6D84-FFB7-4943-881E-2A8D44633E8E}.Release|Any CPU.Build.0 = Release|Any CPU
	EndGlobalSection
	GlobalSection(SolutionProperties) = preSolution
		HideSolutionNode = FALSE
	EndGlobalSection
EndGlobal
